
Microsoft Visual Studio Solution File, Format Version 12.00
# Visual Studio Version 17
VisualStudioVersion = 17.9.34728.123
MinimumVisualStudioVersion = 10.0.40219.1
Project("{FAE04EC0-301F-11D3-BF4B-00C04F79EFBC}") = "ProjetoASPNET03MVCIdentityDb", "ProjetoASPNET03MVCIdentityDb.csproj", "{0CA425A2-D4A2-4955-9656-4768917108DA}"
EndProject
Global
	GlobalSection(SolutionConfigurationPlatforms) = preSolution
		Debug|Any CPU = Debug|Any CPU
		Release|Any CPU = Release|Any CPU
	EndGlobalSection
	GlobalSection(ProjectConfigurationPlatforms) = postSolution
		{0CA425A2-D4A2-4955-9656-4768917108DA}.Debug|Any CPU.ActiveCfg = Debug|Any CPU
		{0CA425A2-D4A2-4955-9656-4768917108DA}.Debug|Any CPU.Build.0 = Debug|Any CPU
		{0CA425A2-D4A2-4955-9656-4768917108DA}.Release|Any CPU.ActiveCfg = Release|Any CPU
		{0CA425A2-D4A2-4955-9656-4768917108DA}.Release|Any CPU.Build.0 = Release|Any CPU
	EndGlobalSection
	GlobalSection(SolutionProperties) = preSolution
		HideSolutionNode = FALSE
	EndGlobalSection
	GlobalSection(ExtensibilityGlobals) = postSolution
		SolutionGuid = {54EF360E-6C1F-49DD-B369-73A30FAA8515}
	EndGlobalSection
EndGlobal
